
Microsoft Visual Studio Solution File, Format Version 12.00
# Visual Studio Version 17
VisualStudioVersion = 17.8.34322.80
MinimumVisualStudioVersion = 10.0.40219.1
Project("{FAE04EC0-301F-11D3-BF4B-00C04F79EFBC}") = "AoC-2023-Day01-Part02", "AoC-2023-Day01-Part02\AoC-2023-Day01-Part02.csproj", "{6EBF5C98-1886-46C3-B6F2-7DAE59A1F2E7}"
EndProject
Project("{FAE04EC0-301F-11D3-BF4B-00C04F79EFBC}") = "TestCases", "TestCases\TestCases.csproj", "{66025F4C-2ADF-4273-9D84-598C66EA3062}"
EndProject
Global
	GlobalSection(SolutionConfigurationPlatforms) = preSolution
		Debug|Any CPU = Debug|Any CPU
		Release|Any CPU = Release|Any CPU
	EndGlobalSection
	GlobalSection(ProjectConfigurationPlatforms) = postSolution
		{6EBF5C98-1886-46C3-B6F2-7DAE59A1F2E7}.Debug|Any CPU.ActiveCfg = Debug|Any CPU
		{6EBF5C98-1886-46C3-B6F2-7DAE59A1F2E7}.Debug|Any CPU.Build.0 = Debug|Any CPU
		{6EBF5C98-1886-46C3-B6F2-7DAE59A1F2E7}.Release|Any CPU.ActiveCfg = Release|Any CPU
		{6EBF5C98-1886-46C3-B6F2-7DAE59A1F2E7}.Release|Any CPU.Build.0 = Release|Any CPU
		{66025F4C-2ADF-4273-9D84-598C66EA3062}.Debug|Any CPU.ActiveCfg = Debug|Any CPU
		{66025F4C-2ADF-4273-9D84-598C66EA3062}.Debug|Any CPU.Build.0 = Debug|Any CPU
		{66025F4C-2ADF-4273-9D84-598C66EA3062}.Release|Any CPU.ActiveCfg = Release|Any CPU
		{66025F4C-2ADF-4273-9D84-598C66EA3062}.Release|Any CPU.Build.0 = Release|Any CPU
	EndGlobalSection
	GlobalSection(SolutionProperties) = preSolution
		HideSolutionNode = FALSE
	EndGlobalSection
	GlobalSection(ExtensibilityGlobals) = postSolution
		SolutionGuid = {9D9F9F6E-697A-4985-98A9-8AB08D64CCB8}
	EndGlobalSection
EndGlobal
